
Microsoft Visual Studio Solution File, Format Version 12.00
# Visual Studio Version 16
VisualStudioVersion = 16.0.30204.135
MinimumVisualStudioVersion = 10.0.40219.1
Project("{9A19103F-16F7-4668-BE54-9A1E7A4F7556}") = "KOCR_Web", "KOCR_Web\KOCR_Web.csproj", "{1C6CEBBA-7763-4E5C-A8B2-CDC5E2CB1C55}"
EndProject
Project("{9A19103F-16F7-4668-BE54-9A1E7A4F7556}") = "UnitTests", "UnitTests\UnitTests.csproj", "{E12A6032-C0FE-45B3-BAE6-6EBA414E21B0}"
	ProjectSection(ProjectDependencies) = postProject
		{81BEE3C5-D3F9-4F83-9081-BE4C31BD929A} = {81BEE3C5-D3F9-4F83-9081-BE4C31BD929A}
	EndProjectSection
EndProject
Project("{9A19103F-16F7-4668-BE54-9A1E7A4F7556}") = "api.K-OCR", "api.K-OCR.com\api.K-OCR.csproj", "{81BEE3C5-D3F9-4F83-9081-BE4C31BD929A}"
EndProject
Project("{9A19103F-16F7-4668-BE54-9A1E7A4F7556}") = "Core", "Core\Core.csproj", "{D5044491-84A0-48BD-AAEF-E5DBF9D36DA6}"
EndProject
Project("{FAE04EC0-301F-11D3-BF4B-00C04F79EFBC}") = "Console", "Console\Console.csproj", "{E4F03F84-76A4-4B35-9C0D-24AC8BB039B9}"
EndProject
Global
	GlobalSection(SolutionConfigurationPlatforms) = preSolution
		Debug|Any CPU = Debug|Any CPU
		Debug|x64 = Debug|x64
		Debug|x86 = Debug|x86
		Release|Any CPU = Release|Any CPU
		Release|x64 = Release|x64
		Release|x86 = Release|x86
	EndGlobalSection
	GlobalSection(ProjectConfigurationPlatforms) = postSolution
		{1C6CEBBA-7763-4E5C-A8B2-CDC5E2CB1C55}.Debug|Any CPU.ActiveCfg = Debug|Any CPU
		{1C6CEBBA-7763-4E5C-A8B2-CDC5E2CB1C55}.Debug|Any CPU.Build.0 = Debug|Any CPU
		{1C6CEBBA-7763-4E5C-A8B2-CDC5E2CB1C55}.Debug|x64.ActiveCfg = Debug|Any CPU
		{1C6CEBBA-7763-4E5C-A8B2-CDC5E2CB1C55}.Debug|x64.Build.0 = Debug|Any CPU
		{1C6CEBBA-7763-4E5C-A8B2-CDC5E2CB1C55}.Debug|x86.ActiveCfg = Debug|Any CPU
		{1C6CEBBA-7763-4E5C-A8B2-CDC5E2CB1C55}.Debug|x86.Build.0 = Debug|Any CPU
		{1C6CEBBA-7763-4E5C-A8B2-CDC5E2CB1C55}.Release|Any CPU.ActiveCfg = Release|Any CPU
		{1C6CEBBA-7763-4E5C-A8B2-CDC5E2CB1C55}.Release|Any CPU.Build.0 = Release|Any CPU
		{1C6CEBBA-7763-4E5C-A8B2-CDC5E2CB1C55}.Release|x64.ActiveCfg = Release|Any CPU
		{1C6CEBBA-7763-4E5C-A8B2-CDC5E2CB1C55}.Release|x64.Build.0 = Release|Any CPU
		{1C6CEBBA-7763-4E5C-A8B2-CDC5E2CB1C55}.Release|x86.ActiveCfg = Release|Any CPU
		{1C6CEBBA-7763-4E5C-A8B2-CDC5E2CB1C55}.Release|x86.Build.0 = Release|Any CPU
		{E12A6032-C0FE-45B3-BAE6-6EBA414E21B0}.Debug|Any CPU.ActiveCfg = Debug|Any CPU
		{E12A6032-C0FE-45B3-BAE6-6EBA414E21B0}.Debug|Any CPU.Build.0 = Debug|Any CPU
		{E12A6032-C0FE-45B3-BAE6-6EBA414E21B0}.Debug|x64.ActiveCfg = Debug|Any CPU
		{E12A6032-C0FE-45B3-BAE6-6EBA414E21B0}.Debug|x64.Build.0 = Debug|Any CPU
		{E12A6032-C0FE-45B3-BAE6-6EBA414E21B0}.Debug|x86.ActiveCfg = Debug|Any CPU
		{E12A6032-C0FE-45B3-BAE6-6EBA414E21B0}.Debug|x86.Build.0 = Debug|Any CPU
		{E12A6032-C0FE-45B3-BAE6-6EBA414E21B0}.Release|Any CPU.ActiveCfg = Release|Any CPU
		{E12A6032-C0FE-45B3-BAE6-6EBA414E21B0}.Release|Any CPU.Build.0 = Release|Any CPU
		{E12A6032-C0FE-45B3-BAE6-6EBA414E21B0}.Release|x64.ActiveCfg = Release|Any CPU
		{E12A6032-C0FE-45B3-BAE6-6EBA414E21B0}.Release|x64.Build.0 = Release|Any CPU
		{E12A6032-C0FE-45B3-BAE6-6EBA414E21B0}.Release|x86.ActiveCfg = Release|Any CPU
		{E12A6032-C0FE-45B3-BAE6-6EBA414E21B0}.Release|x86.Build.0 = Release|Any CPU
		{81BEE3C5-D3F9-4F83-9081-BE4C31BD929A}.Debug|Any CPU.ActiveCfg = Debug|Any CPU
		{81BEE3C5-D3F9-4F83-9081-BE4C31BD929A}.Debug|Any CPU.Build.0 = Debug|Any CPU
		{81BEE3C5-D3F9-4F83-9081-BE4C31BD929A}.Debug|x64.ActiveCfg = Debug|Any CPU
		{81BEE3C5-D3F9-4F83-9081-BE4C31BD929A}.Debug|x64.Build.0 = Debug|Any CPU
		{81BEE3C5-D3F9-4F83-9081-BE4C31BD929A}.Debug|x86.ActiveCfg = Debug|Any CPU
		{81BEE3C5-D3F9-4F83-9081-BE4C31BD929A}.Debug|x86.Build.0 = Debug|Any CPU
		{81BEE3C5-D3F9-4F83-9081-BE4C31BD929A}.Release|Any CPU.ActiveCfg = Release|Any CPU
		{81BEE3C5-D3F9-4F83-9081-BE4C31BD929A}.Release|Any CPU.Build.0 = Release|Any CPU
		{81BEE3C5-D3F9-4F83-9081-BE4C31BD929A}.Release|x64.ActiveCfg = Release|Any CPU
		{81BEE3C5-D3F9-4F83-9081-BE4C31BD929A}.Release|x64.Build.0 = Release|Any CPU
		{81BEE3C5-D3F9-4F83-9081-BE4C31BD929A}.Release|x86.ActiveCfg = Release|Any CPU
		{81BEE3C5-D3F9-4F83-9081-BE4C31BD929A}.Release|x86.Build.0 = Release|Any CPU
		{D5044491-84A0-48BD-AAEF-E5DBF9D36DA6}.Debug|Any CPU.ActiveCfg = Debug|Any CPU
		{D5044491-84A0-48BD-AAEF-E5DBF9D36DA6}.Debug|Any CPU.Build.0 = Debug|Any CPU
		{D5044491-84A0-48BD-AAEF-E5DBF9D36DA6}.Debug|x64.ActiveCfg = Debug|Any CPU
		{D5044491-84A0-48BD-AAEF-E5DBF9D36DA6}.Debug|x64.Build.0 = Debug|Any CPU
		{D5044491-84A0-48BD-AAEF-E5DBF9D36DA6}.Debug|x86.ActiveCfg = Debug|Any CPU
		{D5044491-84A0-48BD-AAEF-E5DBF9D36DA6}.Debug|x86.Build.0 = Debug|Any CPU
		{D5044491-84A0-48BD-AAEF-E5DBF9D36DA6}.Release|Any CPU.ActiveCfg = Release|Any CPU
		{D5044491-84A0-48BD-AAEF-E5DBF9D36DA6}.Release|Any CPU.Build.0 = Release|Any CPU
		{D5044491-84A0-48BD-AAEF-E5DBF9D36DA6}.Release|x64.ActiveCfg = Release|Any CPU
		{D5044491-84A0-48BD-AAEF-E5DBF9D36DA6}.Release|x64.Build.0 = Release|Any CPU
		{D5044491-84A0-48BD-AAEF-E5DBF9D36DA6}.Release|x86.ActiveCfg = Release|Any CPU
		{D5044491-84A0-48BD-AAEF-E5DBF9D36DA6}.Release|x86.Build.0 = Release|Any CPU
		{E4F03F84-76A4-4B35-9C0D-24AC8BB039B9}.Debug|Any CPU.ActiveCfg = Debug|Any CPU
		{E4F03F84-76A4-4B35-9C0D-24AC8BB039B9}.Debug|Any CPU.Build.0 = Debug|Any CPU
		{E4F03F84-76A4-4B35-9C0D-24AC8BB039B9}.Debug|x64.ActiveCfg = Debug|Any CPU
		{E4F03F84-76A4-4B35-9C0D-24AC8BB039B9}.Debug|x64.Build.0 = Debug|Any CPU
		{E4F03F84-76A4-4B35-9C0D-24AC8BB039B9}.Debug|x86.ActiveCfg = Debug|Any CPU
		{E4F03F84-76A4-4B35-9C0D-24AC8BB039B9}.Debug|x86.Build.0 = Debug|Any CPU
		{E4F03F84-76A4-4B35-9C0D-24AC8BB039B9}.Release|Any CPU.ActiveCfg = Release|Any CPU
		{E4F03F84-76A4-4B35-9C0D-24AC8BB039B9}.Release|Any CPU.Build.0 = Release|Any CPU
		{E4F03F84-76A4-4B35-9C0D-24AC8BB039B9}.Release|x64.ActiveCfg = Release|Any CPU
		{E4F03F84-76A4-4B35-9C0D-24AC8BB039B9}.Release|x64.Build.0 = Release|Any CPU
		{E4F03F84-76A4-4B35-9C0D-24AC8BB039B9}.Release|x86.ActiveCfg = Release|Any CPU
		{E4F03F84-76A4-4B35-9C0D-24AC8BB039B9}.Release|x86.Build.0 = Release|Any CPU
	EndGlobalSection
	GlobalSection(SolutionProperties) = preSolution
		HideSolutionNode = FALSE
	EndGlobalSection
	GlobalSection(ExtensibilityGlobals) = postSolution
		SolutionGuid = {87E8F189-0B06-4B8F-9EE6-2CC178CEA16D}
	EndGlobalSection
EndGlobal
